
Microsoft Visual Studio Solution File, Format Version 12.00
# Visual Studio Version 16
VisualStudioVersion = 16.0.28803.352
MinimumVisualStudioVersion = 10.0.40219.1
Project("{FAE04EC0-301F-11D3-BF4B-00C04F79EFBC}") = "manyMethods", "manyMethods\manyMethods.csproj", "{B1AECD8B-70A1-4A70-B583-D03DA847C141}"
EndProject
Project("{FAE04EC0-301F-11D3-BF4B-00C04F79EFBC}") = "Pig_Latin_Translator", "Pig_Latin_Translator\Pig_Latin_Translator.csproj", "{6134274A-D9C8-4375-91BA-630773ECC072}"
EndProject
Project("{FAE04EC0-301F-11D3-BF4B-00C04F79EFBC}") = "Rock_Paper_Scissors", "Rock_Paper_Scissors\Rock_Paper_Scissors.csproj", "{1CC09D31-2D38-4DD3-844E-7F84618F20D6}"
EndProject
Project("{FAE04EC0-301F-11D3-BF4B-00C04F79EFBC}") = "Minimum_Maximum", "Minimum_Maximum\Minimum_Maximum.csproj", "{6A36D7D2-1347-44C3-BBAF-3FB234719282}"
EndProject
Project("{FAE04EC0-301F-11D3-BF4B-00C04F79EFBC}") = "TicTacToe", "TicTacToe\TicTacToe.csproj", "{78218827-6A12-49A0-BEB0-98E872F3182A}"
EndProject
Project("{FAE04EC0-301F-11D3-BF4B-00C04F79EFBC}") = "MasterMind_Simple", "MasterMind_Simple\MasterMind_Simple.csproj", "{CD0BB970-DC74-4DFF-A120-CFA2F944DA58}"
EndProject
Project("{FAE04EC0-301F-11D3-BF4B-00C04F79EFBC}") = "Student_Grades", "Student_Grades\Student_Grades.csproj", "{65C8742B-8FBD-48D8-98A4-74B32E6FFB76}"
EndProject
Project("{FAE04EC0-301F-11D3-BF4B-00C04F79EFBC}") = "PE_Multiples_of_3_and_5", "PE_Multiples_of_3_and_5\PE_Multiples_of_3_and_5.csproj", "{9CDF2C69-2130-45A2-B622-7D550682ECBE}"
EndProject
Project("{FAE04EC0-301F-11D3-BF4B-00C04F79EFBC}") = "Towers_of_Hanoi", "Towers_of_Hanoi\Towers_of_Hanoi.csproj", "{ADE935A2-D2C2-48A4-A48B-BD02627B8555}"
EndProject
Project("{FAE04EC0-301F-11D3-BF4B-00C04F79EFBC}") = "test", "test\test.csproj", "{508F3DB9-A75B-48C6-BC97-C2554B5248BB}"
EndProject
Project("{FAE04EC0-301F-11D3-BF4B-00C04F79EFBC}") = "PE_Even_fibinachi_numbers", "PE_Even_fibinachi_numbers\PE_Even_fibinachi_numbers.csproj", "{EEC73725-D192-40A3-AB6E-FE6DB3A6916B}"
EndProject
Project("{FAE04EC0-301F-11D3-BF4B-00C04F79EFBC}") = "whiteboard_bubblesort", "whiteboard_bubblesort\whiteboard_bubblesort.csproj", "{EF47CE6D-9657-4DC3-AECE-F261CC2F4ED4}"
EndProject
Project("{FAE04EC0-301F-11D3-BF4B-00C04F79EFBC}") = "PosCos", "PosCos\PosCos.csproj", "{F99FD771-24A2-42CB-8D79-9A1C5EFAD399}"
EndProject
Project("{FAE04EC0-301F-11D3-BF4B-00C04F79EFBC}") = "Whiteboard_duplicate_reverse", "Whiteboard_duplicate_reverse\Whiteboard_duplicate_reverse.csproj", "{99779410-3C1E-4AA5-9FE7-3483E4E1C82A}"
EndProject
Project("{FAE04EC0-301F-11D3-BF4B-00C04F79EFBC}") = "TooDo_List", "TooDo_List\TooDo_List.csproj", "{2D4016B9-92A4-4B18-AFEB-EB9498D04B31}"
EndProject
Project("{FAE04EC0-301F-11D3-BF4B-00C04F79EFBC}") = "Points", "Points\Points.csproj", "{9169E0EB-BEA3-45EB-9922-8BD1C59FF28C}"
EndProject
Project("{FAE04EC0-301F-11D3-BF4B-00C04F79EFBC}") = "Superheros and Supervillans", "Superheros and Supervillans\Superheros and Supervillans.csproj", "{1D3485CD-493A-4201-A2D2-E5820860F5F2}"
EndProject
Project("{FAE04EC0-301F-11D3-BF4B-00C04F79EFBC}") = "palidron", "palidron\palidron.csproj", "{C24A8315-3925-4B58-A7BC-97B599D31F73}"
EndProject
Project("{FAE04EC0-301F-11D3-BF4B-00C04F79EFBC}") = "Carlot", "Carlot\Carlot.csproj", "{DFF2BEA7-EC75-4007-A697-2F668E547C83}"
EndProject
Global
	GlobalSection(SolutionConfigurationPlatforms) = preSolution
		Debug|Any CPU = Debug|Any CPU
		Release|Any CPU = Release|Any CPU
	EndGlobalSection
	GlobalSection(ProjectConfigurationPlatforms) = postSolution
		{B1AECD8B-70A1-4A70-B583-D03DA847C141}.Debug|Any CPU.ActiveCfg = Debug|Any CPU
		{B1AECD8B-70A1-4A70-B583-D03DA847C141}.Debug|Any CPU.Build.0 = Debug|Any CPU
		{B1AECD8B-70A1-4A70-B583-D03DA847C141}.Release|Any CPU.ActiveCfg = Release|Any CPU
		{B1AECD8B-70A1-4A70-B583-D03DA847C141}.Release|Any CPU.Build.0 = Release|Any CPU
		{6134274A-D9C8-4375-91BA-630773ECC072}.Debug|Any CPU.ActiveCfg = Debug|Any CPU
		{6134274A-D9C8-4375-91BA-630773ECC072}.Debug|Any CPU.Build.0 = Debug|Any CPU
		{6134274A-D9C8-4375-91BA-630773ECC072}.Release|Any CPU.ActiveCfg = Release|Any CPU
		{6134274A-D9C8-4375-91BA-630773ECC072}.Release|Any CPU.Build.0 = Release|Any CPU
		{1CC09D31-2D38-4DD3-844E-7F84618F20D6}.Debug|Any CPU.ActiveCfg = Debug|Any CPU
		{1CC09D31-2D38-4DD3-844E-7F84618F20D6}.Debug|Any CPU.Build.0 = Debug|Any CPU
		{1CC09D31-2D38-4DD3-844E-7F84618F20D6}.Release|Any CPU.ActiveCfg = Release|Any CPU
		{1CC09D31-2D38-4DD3-844E-7F84618F20D6}.Release|Any CPU.Build.0 = Release|Any CPU
		{6A36D7D2-1347-44C3-BBAF-3FB234719282}.Debug|Any CPU.ActiveCfg = Debug|Any CPU
		{6A36D7D2-1347-44C3-BBAF-3FB234719282}.Debug|Any CPU.Build.0 = Debug|Any CPU
		{6A36D7D2-1347-44C3-BBAF-3FB234719282}.Release|Any CPU.ActiveCfg = Release|Any CPU
		{6A36D7D2-1347-44C3-BBAF-3FB234719282}.Release|Any CPU.Build.0 = Release|Any CPU
		{78218827-6A12-49A0-BEB0-98E872F3182A}.Debug|Any CPU.ActiveCfg = Debug|Any CPU
		{78218827-6A12-49A0-BEB0-98E872F3182A}.Debug|Any CPU.Build.0 = Debug|Any CPU
		{78218827-6A12-49A0-BEB0-98E872F3182A}.Release|Any CPU.ActiveCfg = Release|Any CPU
		{78218827-6A12-49A0-BEB0-98E872F3182A}.Release|Any CPU.Build.0 = Release|Any CPU
		{CD0BB970-DC74-4DFF-A120-CFA2F944DA58}.Debug|Any CPU.ActiveCfg = Debug|Any CPU
		{CD0BB970-DC74-4DFF-A120-CFA2F944DA58}.Debug|Any CPU.Build.0 = Debug|Any CPU
		{CD0BB970-DC74-4DFF-A120-CFA2F944DA58}.Release|Any CPU.ActiveCfg = Release|Any CPU
		{CD0BB970-DC74-4DFF-A120-CFA2F944DA58}.Release|Any CPU.Build.0 = Release|Any CPU
		{65C8742B-8FBD-48D8-98A4-74B32E6FFB76}.Debug|Any CPU.ActiveCfg = Debug|Any CPU
		{65C8742B-8FBD-48D8-98A4-74B32E6FFB76}.Debug|Any CPU.Build.0 = Debug|Any CPU
		{65C8742B-8FBD-48D8-98A4-74B32E6FFB76}.Release|Any CPU.ActiveCfg = Release|Any CPU
		{65C8742B-8FBD-48D8-98A4-74B32E6FFB76}.Release|Any CPU.Build.0 = Release|Any CPU
		{9CDF2C69-2130-45A2-B622-7D550682ECBE}.Debug|Any CPU.ActiveCfg = Debug|Any CPU
		{9CDF2C69-2130-45A2-B622-7D550682ECBE}.Debug|Any CPU.Build.0 = Debug|Any CPU
		{9CDF2C69-2130-45A2-B622-7D550682ECBE}.Release|Any CPU.ActiveCfg = Release|Any CPU
		{9CDF2C69-2130-45A2-B622-7D550682ECBE}.Release|Any CPU.Build.0 = Release|Any CPU
		{ADE935A2-D2C2-48A4-A48B-BD02627B8555}.Debug|Any CPU.ActiveCfg = Debug|Any CPU
		{ADE935A2-D2C2-48A4-A48B-BD02627B8555}.Debug|Any CPU.Build.0 = Debug|Any CPU
		{ADE935A2-D2C2-48A4-A48B-BD02627B8555}.Release|Any CPU.ActiveCfg = Release|Any CPU
		{ADE935A2-D2C2-48A4-A48B-BD02627B8555}.Release|Any CPU.Build.0 = Release|Any CPU
		{508F3DB9-A75B-48C6-BC97-C2554B5248BB}.Debug|Any CPU.ActiveCfg = Debug|Any CPU
		{508F3DB9-A75B-48C6-BC97-C2554B5248BB}.Debug|Any CPU.Build.0 = Debug|Any CPU
		{508F3DB9-A75B-48C6-BC97-C2554B5248BB}.Release|Any CPU.ActiveCfg = Release|Any CPU
		{508F3DB9-A75B-48C6-BC97-C2554B5248BB}.Release|Any CPU.Build.0 = Release|Any CPU
		{EEC73725-D192-40A3-AB6E-FE6DB3A6916B}.Debug|Any CPU.ActiveCfg = Debug|Any CPU
		{EEC73725-D192-40A3-AB6E-FE6DB3A6916B}.Debug|Any CPU.Build.0 = Debug|Any CPU
		{EEC73725-D192-40A3-AB6E-FE6DB3A6916B}.Release|Any CPU.ActiveCfg = Release|Any CPU
		{EEC73725-D192-40A3-AB6E-FE6DB3A6916B}.Release|Any CPU.Build.0 = Release|Any CPU
		{EF47CE6D-9657-4DC3-AECE-F261CC2F4ED4}.Debug|Any CPU.ActiveCfg = Debug|Any CPU
		{EF47CE6D-9657-4DC3-AECE-F261CC2F4ED4}.Debug|Any CPU.Build.0 = Debug|Any CPU
		{EF47CE6D-9657-4DC3-AECE-F261CC2F4ED4}.Release|Any CPU.ActiveCfg = Release|Any CPU
		{EF47CE6D-9657-4DC3-AECE-F261CC2F4ED4}.Release|Any CPU.Build.0 = Release|Any CPU
		{F99FD771-24A2-42CB-8D79-9A1C5EFAD399}.Debug|Any CPU.ActiveCfg = Debug|Any CPU
		{F99FD771-24A2-42CB-8D79-9A1C5EFAD399}.Debug|Any CPU.Build.0 = Debug|Any CPU
		{F99FD771-24A2-42CB-8D79-9A1C5EFAD399}.Release|Any CPU.ActiveCfg = Release|Any CPU
		{F99FD771-24A2-42CB-8D79-9A1C5EFAD399}.Release|Any CPU.Build.0 = Release|Any CPU
		{99779410-3C1E-4AA5-9FE7-3483E4E1C82A}.Debug|Any CPU.ActiveCfg = Debug|Any CPU
		{99779410-3C1E-4AA5-9FE7-3483E4E1C82A}.Debug|Any CPU.Build.0 = Debug|Any CPU
		{99779410-3C1E-4AA5-9FE7-3483E4E1C82A}.Release|Any CPU.ActiveCfg = Release|Any CPU
		{99779410-3C1E-4AA5-9FE7-3483E4E1C82A}.Release|Any CPU.Build.0 = Release|Any CPU
		{2D4016B9-92A4-4B18-AFEB-EB9498D04B31}.Debug|Any CPU.ActiveCfg = Debug|Any CPU
		{2D4016B9-92A4-4B18-AFEB-EB9498D04B31}.Debug|Any CPU.Build.0 = Debug|Any CPU
		{2D4016B9-92A4-4B18-AFEB-EB9498D04B31}.Release|Any CPU.ActiveCfg = Release|Any CPU
		{2D4016B9-92A4-4B18-AFEB-EB9498D04B31}.Release|Any CPU.Build.0 = Release|Any CPU
		{9169E0EB-BEA3-45EB-9922-8BD1C59FF28C}.Debug|Any CPU.ActiveCfg = Debug|Any CPU
		{9169E0EB-BEA3-45EB-9922-8BD1C59FF28C}.Debug|Any CPU.Build.0 = Debug|Any CPU
		{9169E0EB-BEA3-45EB-9922-8BD1C59FF28C}.Release|Any CPU.ActiveCfg = Release|Any CPU
		{9169E0EB-BEA3-45EB-9922-8BD1C59FF28C}.Release|Any CPU.Build.0 = Release|Any CPU
		{1D3485CD-493A-4201-A2D2-E5820860F5F2}.Debug|Any CPU.ActiveCfg = Debug|Any CPU
		{1D3485CD-493A-4201-A2D2-E5820860F5F2}.Debug|Any CPU.Build.0 = Debug|Any CPU
		{1D3485CD-493A-4201-A2D2-E5820860F5F2}.Release|Any CPU.ActiveCfg = Release|Any CPU
		{1D3485CD-493A-4201-A2D2-E5820860F5F2}.Release|Any CPU.Build.0 = Release|Any CPU
		{C24A8315-3925-4B58-A7BC-97B599D31F73}.Debug|Any CPU.ActiveCfg = Debug|Any CPU
		{C24A8315-3925-4B58-A7BC-97B599D31F73}.Debug|Any CPU.Build.0 = Debug|Any CPU
		{C24A8315-3925-4B58-A7BC-97B599D31F73}.Release|Any CPU.ActiveCfg = Release|Any CPU
		{C24A8315-3925-4B58-A7BC-97B599D31F73}.Release|Any CPU.Build.0 = Release|Any CPU
		{DFF2BEA7-EC75-4007-A697-2F668E547C83}.Debug|Any CPU.ActiveCfg = Debug|Any CPU
		{DFF2BEA7-EC75-4007-A697-2F668E547C83}.Debug|Any CPU.Build.0 = Debug|Any CPU
		{DFF2BEA7-EC75-4007-A697-2F668E547C83}.Release|Any CPU.ActiveCfg = Release|Any CPU
		{DFF2BEA7-EC75-4007-A697-2F668E547C83}.Release|Any CPU.Build.0 = Release|Any CPU
	EndGlobalSection
	GlobalSection(SolutionProperties) = preSolution
		HideSolutionNode = FALSE
	EndGlobalSection
	GlobalSection(ExtensibilityGlobals) = postSolution
		SolutionGuid = {8D0ECCDD-F85F-4E41-9F17-529F10BBF7C4}
	EndGlobalSection
EndGlobal
